
Microsoft Visual Studio Solution File, Format Version 12.00
# Visual Studio 15
VisualStudioVersion = 15.0.28307.168
MinimumVisualStudioVersion = 10.0.40219.1
Project("{2150E333-8FDC-42A3-9474-1A3956D46DE8}") = "src", "src", "{3F4328B3-FB90-4FA0-86CE-F80C37B77FC8}"
EndProject
Project("{2150E333-8FDC-42A3-9474-1A3956D46DE8}") = "API.EndPoints", "API.EndPoints", "{BC945BC3-4D87-434A-BAB2-8E676A659730}"
EndProject
Project("{2150E333-8FDC-42A3-9474-1A3956D46DE8}") = "src_sample", "src_sample", "{42145C8A-FF3B-48A7-93CD-21A275544D46}"
EndProject
Project("{9A19103F-16F7-4668-BE54-9A1E7A4F7556}") = "SampleApp", "src_sample\SampleApp\SampleApp.csproj", "{47B1890F-4EA5-46BC-86B2-113681433280}"
EndProject
Project("{9A19103F-16F7-4668-BE54-9A1E7A4F7556}") = "MicroLogger.API.SerilogToRabbitMQ.Standard", "src_api\MicroLogger.API.SerilogToRabbitMQ.Standard\MicroLogger.API.SerilogToRabbitMQ.Standard.csproj", "{D2D7AFD4-1418-40F1-8F49-668CF1918D1B}"
EndProject
Global
	GlobalSection(SolutionConfigurationPlatforms) = preSolution
		Debug|Any CPU = Debug|Any CPU
		Release|Any CPU = Release|Any CPU
	EndGlobalSection
	GlobalSection(ProjectConfigurationPlatforms) = postSolution
		{47B1890F-4EA5-46BC-86B2-113681433280}.Debug|Any CPU.ActiveCfg = Debug|Any CPU
		{47B1890F-4EA5-46BC-86B2-113681433280}.Debug|Any CPU.Build.0 = Debug|Any CPU
		{47B1890F-4EA5-46BC-86B2-113681433280}.Release|Any CPU.ActiveCfg = Release|Any CPU
		{47B1890F-4EA5-46BC-86B2-113681433280}.Release|Any CPU.Build.0 = Release|Any CPU
		{D2D7AFD4-1418-40F1-8F49-668CF1918D1B}.Debug|Any CPU.ActiveCfg = Debug|Any CPU
		{D2D7AFD4-1418-40F1-8F49-668CF1918D1B}.Debug|Any CPU.Build.0 = Debug|Any CPU
		{D2D7AFD4-1418-40F1-8F49-668CF1918D1B}.Release|Any CPU.ActiveCfg = Release|Any CPU
		{D2D7AFD4-1418-40F1-8F49-668CF1918D1B}.Release|Any CPU.Build.0 = Release|Any CPU
	EndGlobalSection
	GlobalSection(SolutionProperties) = preSolution
		HideSolutionNode = FALSE
	EndGlobalSection
	GlobalSection(NestedProjects) = preSolution
		{BC945BC3-4D87-434A-BAB2-8E676A659730} = {3F4328B3-FB90-4FA0-86CE-F80C37B77FC8}
		{47B1890F-4EA5-46BC-86B2-113681433280} = {42145C8A-FF3B-48A7-93CD-21A275544D46}
		{D2D7AFD4-1418-40F1-8F49-668CF1918D1B} = {BC945BC3-4D87-434A-BAB2-8E676A659730}
	EndGlobalSection
	GlobalSection(ExtensibilityGlobals) = postSolution
		SolutionGuid = {EB283893-A91E-4540-99F5-0824FDAFC291}
	EndGlobalSection
EndGlobal
